
Microsoft Visual Studio Solution File, Format Version 12.00
Project("{FAE04EC0-301F-11D3-BF4B-00C04F79EFBC}") = "test", "test\test.csproj", "{2CC82C18-DF13-44C5-9162-ACA9ED69C6DD}"
EndProject
Global
	GlobalSection(SolutionConfigurationPlatforms) = preSolution
		Debug|Any CPU = Debug|Any CPU
		Release|Any CPU = Release|Any CPU
	EndGlobalSection
	GlobalSection(ProjectConfigurationPlatforms) = postSolution
		{2CC82C18-DF13-44C5-9162-ACA9ED69C6DD}.Debug|Any CPU.ActiveCfg = Debug|Any CPU
		{2CC82C18-DF13-44C5-9162-ACA9ED69C6DD}.Debug|Any CPU.Build.0 = Debug|Any CPU
		{2CC82C18-DF13-44C5-9162-ACA9ED69C6DD}.Release|Any CPU.ActiveCfg = Release|Any CPU
		{2CC82C18-DF13-44C5-9162-ACA9ED69C6DD}.Release|Any CPU.Build.0 = Release|Any CPU
	EndGlobalSection
EndGlobal
